// !$*UTF8*$!
{
	archiveVersion = 1;
	classes = {
	};
	objectVersion = 46;
	objects = {

/* Begin PBXBuildFile section */
		2376776A1C56307C00763203 /* AppDelegate.swift in Sources */ = {isa = PBXBuildFile; fileRef = 237677691C56307C00763203 /* AppDelegate.swift */; };
		2376776C1C56307C00763203 /* MasterViewController.swift in Sources */ = {isa = PBXBuildFile; fileRef = 2376776B1C56307C00763203 /* MasterViewController.swift */; };
		2376776E1C56307C00763203 /* DetailViewController.swift in Sources */ = {isa = PBXBuildFile; fileRef = 2376776D1C56307C00763203 /* DetailViewController.swift */; };
		237677711C56307C00763203 /* Main.storyboard in Resources */ = {isa = PBXBuildFile; fileRef = 2376776F1C56307C00763203 /* Main.storyboard */; };
		237677731C56307C00763203 /* Assets.xcassets in Resources */ = {isa = PBXBuildFile; fileRef = 237677721C56307C00763203 /* Assets.xcassets */; };
		237677761C56307C00763203 /* LaunchScreen.storyboard in Resources */ = {isa = PBXBuildFile; fileRef = 237677741C56307C00763203 /* LaunchScreen.storyboard */; };
		2376777E1C5630B500763203 /* CustomCollectionViewLayout.swift in Sources */ = {isa = PBXBuildFile; fileRef = 2376777D1C5630B500763203 /* CustomCollectionViewLayout.swift */; };
		237677891C5630E600763203 /* BaseCollectionViewCell.swift in Sources */ = {isa = PBXBuildFile; fileRef = 2376777F1C5630E600763203 /* BaseCollectionViewCell.swift */; };
		2376778A1C5630E600763203 /* CashPoint.swift in Sources */ = {isa = PBXBuildFile; fileRef = 237677801C5630E600763203 /* CashPoint.swift */; };
		2376778B1C5630E600763203 /* CashPointDataLoader.swift in Sources */ = {isa = PBXBuildFile; fileRef = 237677811C5630E600763203 /* CashPointDataLoader.swift */; };
		2376778C1C5630E600763203 /* CashPointDataSource.swift in Sources */ = {isa = PBXBuildFile; fileRef = 237677821C5630E600763203 /* CashPointDataSource.swift */; };
		2376778D1C5630E600763203 /* CashPointImageCell.swift in Sources */ = {isa = PBXBuildFile; fileRef = 237677831C5630E600763203 /* CashPointImageCell.swift */; };
		2376778E1C5630E600763203 /* CashPointImageCell.xib in Resources */ = {isa = PBXBuildFile; fileRef = 237677841C5630E600763203 /* CashPointImageCell.xib */; };
		2376778F1C5630E600763203 /* CashPointSectionCell.swift in Sources */ = {isa = PBXBuildFile; fileRef = 237677851C5630E600763203 /* CashPointSectionCell.swift */; };
		237677901C5630E600763203 /* CashPointSectionCell.xib in Resources */ = {isa = PBXBuildFile; fileRef = 237677861C5630E600763203 /* CashPointSectionCell.xib */; };
		237677911C5630E600763203 /* CashPointTextCell.swift in Sources */ = {isa = PBXBuildFile; fileRef = 237677871C5630E600763203 /* CashPointTextCell.swift */; };
		237677921C5630E600763203 /* CashPointTextCell.xib in Resources */ = {isa = PBXBuildFile; fileRef = 237677881C5630E600763203 /* CashPointTextCell.xib */; };
/* End PBXBuildFile section */

/* Begin PBXFileReference section */
		237677661C56307C00763203 /* CaaSTest2.app */ = {isa = PBXFileReference; explicitFileType = wrapper.application; includeInIndex = 0; path = CaaSTest2.app; sourceTree = BUILT_PRODUCTS_DIR; };
		237677691C56307C00763203 /* AppDelegate.swift */ = {isa = PBXFileReference; lastKnownFileType = sourcecode.swift; path = AppDelegate.swift; sourceTree = "<group>"; };
		2376776B1C56307C00763203 /* MasterViewController.swift */ = {isa = PBXFileReference; lastKnownFileType = sourcecode.swift; path = MasterViewController.swift; sourceTree = "<group>"; };
		2376776D1C56307C00763203 /* DetailViewController.swift */ = {isa = PBXFileReference; lastKnownFileType = sourcecode.swift; path = DetailViewController.swift; sourceTree = "<group>"; };
		237677701C56307C00763203 /* Base */ = {isa = PBXFileReference; lastKnownFileType = file.storyboard; name = Base; path = Base.lproj/Main.storyboard; sourceTree = "<group>"; };
		237677721C56307C00763203 /* Assets.xcassets */ = {isa = PBXFileReference; lastKnownFileType = folder.assetcatalog; path = Assets.xcassets; sourceTree = "<group>"; };
		237677751C56307C00763203 /* Base */ = {isa = PBXFileReference; lastKnownFileType = file.storyboard; name = Base; path = Base.lproj/LaunchScreen.storyboard; sourceTree = "<group>"; };
		237677771C56307C00763203 /* Info.plist */ = {isa = PBXFileReference; lastKnownFileType = text.plist.xml; path = Info.plist; sourceTree = "<group>"; };
		2376777D1C5630B500763203 /* CustomCollectionViewLayout.swift */ = {isa = PBXFileReference; fileEncoding = 4; lastKnownFileType = sourcecode.swift; path = CustomCollectionViewLayout.swift; sourceTree = "<group>"; };
		2376777F1C5630E600763203 /* BaseCollectionViewCell.swift */ = {isa = PBXFileReference; fileEncoding = 4; lastKnownFileType = sourcecode.swift; path = BaseCollectionViewCell.swift; sourceTree = "<group>"; };
		237677801C5630E600763203 /* CashPoint.swift */ = {isa = PBXFileReference; fileEncoding = 4; lastKnownFileType = sourcecode.swift; path = CashPoint.swift; sourceTree = "<group>"; };
		237677811C5630E600763203 /* CashPointDataLoader.swift */ = {isa = PBXFileReference; fileEncoding = 4; lastKnownFileType = sourcecode.swift; path = CashPointDataLoader.swift; sourceTree = "<group>"; };
		237677821C5630E600763203 /* CashPointDataSource.swift */ = {isa = PBXFileReference; fileEncoding = 4; lastKnownFileType = sourcecode.swift; path = CashPointDataSource.swift; sourceTree = "<group>"; };
		237677831C5630E600763203 /* CashPointImageCell.swift */ = {isa = PBXFileReference; fileEncoding = 4; lastKnownFileType = sourcecode.swift; path = CashPointImageCell.swift; sourceTree = "<group>"; };
		237677841C5630E600763203 /* CashPointImageCell.xib */ = {isa = PBXFileReference; fileEncoding = 4; lastKnownFileType = file.xib; path = CashPointImageCell.xib; sourceTree = "<group>"; };
		237677851C5630E600763203 /* CashPointSectionCell.swift */ = {isa = PBXFileReference; fileEncoding = 4; lastKnownFileType = sourcecode.swift; path = CashPointSectionCell.swift; sourceTree = "<group>"; };
		237677861C5630E600763203 /* CashPointSectionCell.xib */ = {isa = PBXFileReference; fileEncoding = 4; lastKnownFileType = file.xib; path = CashPointSectionCell.xib; sourceTree = "<group>"; };
		237677871C5630E600763203 /* CashPointTextCell.swift */ = {isa = PBXFileReference; fileEncoding = 4; lastKnownFileType = sourcecode.swift; path = CashPointTextCell.swift; sourceTree = "<group>"; };
		237677881C5630E600763203 /* CashPointTextCell.xib */ = {isa = PBXFileReference; fileEncoding = 4; lastKnownFileType = file.xib; path = CashPointTextCell.xib; sourceTree = "<group>"; };
/* End PBXFileReference section */

/* Begin PBXFrameworksBuildPhase section */
		237677631C56307C00763203 /* Frameworks */ = {
			isa = PBXFrameworksBuildPhase;
			buildActionMask = 2147483647;
			files = (
			);
			runOnlyForDeploymentPostprocessing = 0;
		};
/* End PBXFrameworksBuildPhase section */

/* Begin PBXGroup section */
		2376775D1C56307C00763203 = {
			isa = PBXGroup;
			children = (
				237677681C56307C00763203 /* CaaSTest2 */,
				237677671C56307C00763203 /* Products */,
			);
			sourceTree = "<group>";
		};
		237677671C56307C00763203 /* Products */ = {
			isa = PBXGroup;
			children = (
				237677661C56307C00763203 /* CaaSTest2.app */,
			);
			name = Products;
			sourceTree = "<group>";
		};
		237677681C56307C00763203 /* CaaSTest2 */ = {
			isa = PBXGroup;
			children = (
				2376777F1C5630E600763203 /* BaseCollectionViewCell.swift */,
				237677801C5630E600763203 /* CashPoint.swift */,
				237677811C5630E600763203 /* CashPointDataLoader.swift */,
				237677821C5630E600763203 /* CashPointDataSource.swift */,
				237677831C5630E600763203 /* CashPointImageCell.swift */,
				237677841C5630E600763203 /* CashPointImageCell.xib */,
				237677851C5630E600763203 /* CashPointSectionCell.swift */,
				237677861C5630E600763203 /* CashPointSectionCell.xib */,
				237677871C5630E600763203 /* CashPointTextCell.swift */,
				237677881C5630E600763203 /* CashPointTextCell.xib */,
				237677691C56307C00763203 /* AppDelegate.swift */,
				2376776B1C56307C00763203 /* MasterViewController.swift */,
				2376776D1C56307C00763203 /* DetailViewController.swift */,
				2376777D1C5630B500763203 /* CustomCollectionViewLayout.swift */,
				2376776F1C56307C00763203 /* Main.storyboard */,
				237677721C56307C00763203 /* Assets.xcassets */,
				237677741C56307C00763203 /* LaunchScreen.storyboard */,
				237677771C56307C00763203 /* Info.plist */,
			);
			path = CaaSTest2;
			sourceTree = "<group>";
		};
/* End PBXGroup section */

/* Begin PBXNativeTarget section */
		237677651C56307C00763203 /* CaaSTest2 */ = {
			isa = PBXNativeTarget;
			buildConfigurationList = 2376777A1C56307C00763203 /* Build configuration list for PBXNativeTarget "CaaSTest2" */;
			buildPhases = (
				237677621C56307C00763203 /* Sources */,
				237677631C56307C00763203 /* Frameworks */,
				237677641C56307C00763203 /* Resources */,
			);
			buildRules = (
			);
			dependencies = (
			);
			name = CaaSTest2;
			productName = CaaSTest2;
			productReference = 237677661C56307C00763203 /* CaaSTest2.app */;
			productType = "com.apple.product-type.application";
		};
/* End PBXNativeTarget section */

/* Begin PBXProject section */
		2376775E1C56307C00763203 /* Project object */ = {
			isa = PBXProject;
			attributes = {
				LastSwiftUpdateCheck = 0720;
				LastUpgradeCheck = 0720;
				ORGANIZATIONNAME = Edsson;
				TargetAttributes = {
					237677651C56307C00763203 = {
						CreatedOnToolsVersion = 7.2;
					};
				};
			};
			buildConfigurationList = 237677611C56307C00763203 /* Build configuration list for PBXProject "CaaSTest2" */;
			compatibilityVersion = "Xcode 3.2";
			developmentRegion = English;
			hasScannedForEncodings = 0;
			knownRegions = (
				en,
				Base,
			);
			mainGroup = 2376775D1C56307C00763203;
			productRefGroup = 237677671C56307C00763203 /* Products */;
			projectDirPath = "";
			projectRoot = "";
			targets = (
				237677651C56307C00763203 /* CaaSTest2 */,
			);
		};
/* End PBXProject section */

/* Begin PBXResourcesBuildPhase section */
		237677641C56307C00763203 /* Resources */ = {
			isa = PBXResourcesBuildPhase;
			buildActionMask = 2147483647;
			files = (
				237677761C56307C00763203 /* LaunchScreen.storyboard in Resources */,
				237677731C56307C00763203 /* Assets.xcassets in Resources */,
				237677921C5630E600763203 /* CashPointTextCell.xib in Resources */,
				237677711C56307C00763203 /* Main.storyboard in Resources */,
				237677901C5630E600763203 /* CashPointSectionCell.xib in Resources */,
				2376778E1C5630E600763203 /* CashPointImageCell.xib in Resources */,
			);
			runOnlyForDeploymentPostprocessing = 0;
		};
/* End PBXResourcesBuildPhase section */

/* Begin PBXSourcesBuildPhase section */
		237677621C56307C00763203 /* Sources */ = {
			isa = PBXSourcesBuildPhase;
			buildActionMask = 2147483647;
			files = (
				2376778C1C5630E600763203 /* CashPointDataSource.swift in Sources */,
				237677891C5630E600763203 /* BaseCollectionViewCell.swift in Sources */,
				2376776E1C56307C00763203 /* DetailViewController.swift in Sources */,
				2376778F1C5630E600763203 /* CashPointSectionCell.swift in Sources */,
				2376776C1C56307C00763203 /* MasterViewController.swift in Sources */,
				237677911C5630E600763203 /* CashPointTextCell.swift in Sources */,
				2376777E1C5630B500763203 /* CustomCollectionViewLayout.swift in Sources */,
				2376776A1C56307C00763203 /* AppDelegate.swift in Sources */,
				2376778B1C5630E600763203 /* CashPointDataLoader.swift in Sources */,
				2376778A1C5630E600763203 /* CashPoint.swift in Sources */,
				2376778D1C5630E600763203 /* CashPointImageCell.swift in Sources */,
			);
			runOnlyForDeploymentPostprocessing = 0;
		};
/* End PBXSourcesBuildPhase section */

/* Begin PBXVariantGroup section */
		2376776F1C56307C00763203 /* Main.storyboard */ = {
			isa = PBXVariantGroup;
			children = (
				237677701C56307C00763203 /* Base */,
			);
			name = Main.storyboard;
			sourceTree = "<group>";
		};
		237677741C56307C00763203 /* LaunchScreen.storyboard */ = {
			isa = PBXVariantGroup;
			children = (
				237677751C56307C00763203 /* Base */,
			);
			name = LaunchScreen.storyboard;
			sourceTree = "<group>";
		};
/* End PBXVariantGroup section */

/* Begin XCBuildConfiguration section */
		237677781C56307C00763203 /* Debug */ = {
			isa = XCBuildConfiguration;
			buildSettings = {
				ALWAYS_SEARCH_USER_PATHS = NO;
				CLANG_CXX_LANGUAGE_STANDARD = "gnu++0x";
				CLANG_CXX_LIBRARY = "libc++";
				CLANG_ENABLE_MODULES = YES;
				CLANG_ENABLE_OBJC_ARC = YES;
				CLANG_WARN_BOOL_CONVERSION = YES;
				CLANG_WARN_CONSTANT_CONVERSION = YES;
				CLANG_WARN_DIRECT_OBJC_ISA_USAGE = YES_ERROR;
				CLANG_WARN_EMPTY_BODY = YES;
				CLANG_WARN_ENUM_CONVERSION = YES;
				CLANG_WARN_INT_CONVERSION = YES;
				CLANG_WARN_OBJC_ROOT_CLASS = YES_ERROR;
				CLANG_WARN_UNREACHABLE_CODE = YES;
				CLANG_WARN__DUPLICATE_METHOD_MATCH = YES;
				"CODE_SIGN_IDENTITY[sdk=iphoneos*]" = "iPhone Developer";
				COPY_PHASE_STRIP = NO;
				DEBUG_INFORMATION_FORMAT = dwarf;
				ENABLE_STRICT_OBJC_MSGSEND = YES;
				ENABLE_TESTABILITY = YES;
				GCC_C_LANGUAGE_STANDARD = gnu99;
				GCC_DYNAMIC_NO_PIC = NO;
				GCC_NO_COMMON_BLOCKS = YES;
				GCC_OPTIMIZATION_LEVEL = 0;
				GCC_PREPROCESSOR_DEFINITIONS = (
					"DEBUG=1",
					"$(inherited)",
				);
				GCC_WARN_64_TO_32_BIT_CONVERSION = YES;
				GCC_WARN_ABOUT_RETURN_TYPE = YES_ERROR;
				GCC_WARN_UNDECLARED_SELECTOR = YES;
				GCC_WARN_UNINITIALIZED_AUTOS = YES_AGGRESSIVE;
				GCC_WARN_UNUSED_FUNCTION = YES;
				GCC_WARN_UNUSED_VARIABLE = YES;
				IPHONEOS_DEPLOYMENT_TARGET = 9.2;
				MTL_ENABLE_DEBUG_INFO = YES;
				ONLY_ACTIVE_ARCH = YES;
				SDKROOT = iphoneos;
				SWIFT_OPTIMIZATION_LEVEL = "-Onone";
				TARGETED_DEVICE_FAMILY = 2;
			};
			name = Debug;
		};
		237677791C56307C00763203 /* Release */ = {
			isa = XCBuildConfiguration;
			buildSettings = {
				ALWAYS_SEARCH_USER_PATHS = NO;
				CLANG_CXX_LANGUAGE_STANDARD = "gnu++0x";
				CLANG_CXX_LIBRARY = "libc++";
				CLANG_ENABLE_MODULES = YES;
				CLANG_ENABLE_OBJC_ARC = YES;
				CLANG_WARN_BOOL_CONVERSION = YES;
				CLANG_WARN_CONSTANT_CONVERSION = YES;
				CLANG_WARN_DIRECT_OBJC_ISA_USAGE = YES_ERROR;
				CLANG_WARN_EMPTY_BODY = YES;
				CLANG_WARN_ENUM_CONVERSION = YES;
				CLANG_WARN_INT_CONVERSION = YES;
				CLANG_WARN_OBJC_ROOT_CLASS = YES_ERROR;
				CLANG_WARN_UNREACHABLE_CODE = YES;
				CLANG_WARN__DUPLICATE_METHOD_MATCH = YES;
				"CODE_SIGN_IDENTITY[sdk=iphoneos*]" = "iPhone Developer";
				COPY_PHASE_STRIP = NO;
				DEBUG_INFORMATION_FORMAT = "dwarf-with-dsym";
				ENABLE_NS_ASSERTIONS = NO;
				ENABLE_STRICT_OBJC_MSGSEND = YES;
				GCC_C_LANGUAGE_STANDARD = gnu99;
				GCC_NO_COMMON_BLOCKS = YES;
				GCC_WARN_64_TO_32_BIT_CONVERSION = YES;
				GCC_WARN_ABOUT_RETURN_TYPE = YES_ERROR;
				GCC_WARN_UNDECLARED_SELECTOR = YES;
				GCC_WARN_UNINITIALIZED_AUTOS = YES_AGGRESSIVE;
				GCC_WARN_UNUSED_FUNCTION = YES;
				GCC_WARN_UNUSED_VARIABLE = YES;
				IPHONEOS_DEPLOYMENT_TARGET = 9.2;
				MTL_ENABLE_DEBUG_INFO = NO;
				SDKROOT = iphoneos;
				TARGETED_DEVICE_FAMILY = 2;
				VALIDATE_PRODUCT = YES;
			};
			name = Release;
		};
		2376777B1C56307C00763203 /* Debug */ = {
			isa = XCBuildConfiguration;
			buildSettings = {
				ASSETCATALOG_COMPILER_APPICON_NAME = AppIcon;
				INFOPLIST_FILE = CaaSTest2/Info.plist;
				LD_RUNPATH_SEARCH_PATHS = "$(inherited) @executable_path/Frameworks";
				PRODUCT_BUNDLE_IDENTIFIER = com.edsson.CaaSTest2;
				PRODUCT_NAME = "$(TARGET_NAME)";
			};
			name = Debug;
		};
		2376777C1C56307C00763203 /* Release */ = {
			isa = XCBuildConfiguration;
			buildSettings = {
				ASSETCATALOG_COMPILER_APPICON_NAME = AppIcon;
				INFOPLIST_FILE = CaaSTest2/Info.plist;
				LD_RUNPATH_SEARCH_PATHS = "$(inherited) @executable_path/Frameworks";
				PRODUCT_BUNDLE_IDENTIFIER = com.edsson.CaaSTest2;
				PRODUCT_NAME = "$(TARGET_NAME)";
			};
			name = Release;
		};
/* End XCBuildConfiguration section */

/* Begin XCConfigurationList section */
		237677611C56307C00763203 /* Build configuration list for PBXProject "CaaSTest2" */ = {
			isa = XCConfigurationList;
			buildConfigurations = (
				237677781C56307C00763203 /* Debug */,
				237677791C56307C00763203 /* Release */,
			);
			defaultConfigurationIsVisible = 0;
			defaultConfigurationName = Release;
		};
		2376777A1C56307C00763203 /* Build configuration list for PBXNativeTarget "CaaSTest2" */ = {
			isa = XCConfigurationList;
			buildConfigurations = (
				2376777B1C56307C00763203 /* Debug */,
				2376777C1C56307C00763203 /* Release */,
			);
			defaultConfigurationIsVisible = 0;
		};
/* End XCConfigurationList section */
	};
	rootObject = 2376775E1C56307C00763203 /* Project object */;
}
